
Microsoft Visual Studio Solution File, Format Version 12.00
# Visual Studio Version 16
VisualStudioVersion = 16.0.31624.102
MinimumVisualStudioVersion = 10.0.40219.1
Project("{8BC9CEB8-8B4A-11D0-8D11-00A0C91BC942}") = "day-21-queue容器", "day-21-queue容器\day-21-queue容器.vcxproj", "{04F595E3-A9F5-43EA-87C0-B9854998A639}"
EndProject
Global
	GlobalSection(SolutionConfigurationPlatforms) = preSolution
		Debug|x64 = Debug|x64
		Debug|x86 = Debug|x86
		Release|x64 = Release|x64
		Release|x86 = Release|x86
	EndGlobalSection
	GlobalSection(ProjectConfigurationPlatforms) = postSolution
		{04F595E3-A9F5-43EA-87C0-B9854998A639}.Debug|x64.ActiveCfg = Debug|x64
		{04F595E3-A9F5-43EA-87C0-B9854998A639}.Debug|x64.Build.0 = Debug|x64
		{04F595E3-A9F5-43EA-87C0-B9854998A639}.Debug|x86.ActiveCfg = Debug|Win32
		{04F595E3-A9F5-43EA-87C0-B9854998A639}.Debug|x86.Build.0 = Debug|Win32
		{04F595E3-A9F5-43EA-87C0-B9854998A639}.Release|x64.ActiveCfg = Release|x64
		{04F595E3-A9F5-43EA-87C0-B9854998A639}.Release|x64.Build.0 = Release|x64
		{04F595E3-A9F5-43EA-87C0-B9854998A639}.Release|x86.ActiveCfg = Release|Win32
		{04F595E3-A9F5-43EA-87C0-B9854998A639}.Release|x86.Build.0 = Release|Win32
	EndGlobalSection
	GlobalSection(SolutionProperties) = preSolution
		HideSolutionNode = FALSE
	EndGlobalSection
	GlobalSection(ExtensibilityGlobals) = postSolution
		SolutionGuid = {BAAD64F6-7DF1-4A68-9944-7B582D48F195}
	EndGlobalSection
EndGlobal
