
Microsoft Visual Studio Solution File, Format Version 12.00
# Visual Studio Version 16
VisualStudioVersion = 16.0.31624.102
MinimumVisualStudioVersion = 10.0.40219.1
Project("{8BC9CEB8-8B4A-11D0-8D11-00A0C91BC942}") = "day-21-stack容器", "day-21-stack容器\day-21-stack容器.vcxproj", "{ECA11744-1ABC-4634-AFDA-22677A02ACDF}"
EndProject
Global
	GlobalSection(SolutionConfigurationPlatforms) = preSolution
		Debug|x64 = Debug|x64
		Debug|x86 = Debug|x86
		Release|x64 = Release|x64
		Release|x86 = Release|x86
	EndGlobalSection
	GlobalSection(ProjectConfigurationPlatforms) = postSolution
		{ECA11744-1ABC-4634-AFDA-22677A02ACDF}.Debug|x64.ActiveCfg = Debug|x64
		{ECA11744-1ABC-4634-AFDA-22677A02ACDF}.Debug|x64.Build.0 = Debug|x64
		{ECA11744-1ABC-4634-AFDA-22677A02ACDF}.Debug|x86.ActiveCfg = Debug|Win32
		{ECA11744-1ABC-4634-AFDA-22677A02ACDF}.Debug|x86.Build.0 = Debug|Win32
		{ECA11744-1ABC-4634-AFDA-22677A02ACDF}.Release|x64.ActiveCfg = Release|x64
		{ECA11744-1ABC-4634-AFDA-22677A02ACDF}.Release|x64.Build.0 = Release|x64
		{ECA11744-1ABC-4634-AFDA-22677A02ACDF}.Release|x86.ActiveCfg = Release|Win32
		{ECA11744-1ABC-4634-AFDA-22677A02ACDF}.Release|x86.Build.0 = Release|Win32
	EndGlobalSection
	GlobalSection(SolutionProperties) = preSolution
		HideSolutionNode = FALSE
	EndGlobalSection
	GlobalSection(ExtensibilityGlobals) = postSolution
		SolutionGuid = {505728AD-88E2-419C-97AF-FB2957C54CEA}
	EndGlobalSection
EndGlobal
